<?xml version="1.0" encoding="UTF-8" standalone="yes" ?>
<CodeBlocks_project_file>
	<FileVersion major="1" minor="6" />
	<Project>
		<Option title="bli" />
		<Option platforms="Unix;" />
		<Option pch_mode="2" />
		<Option compiler="gcc" />
		<Build>
			<Target title="lin_deb_x64">
				<Option platforms="Unix;" />
				<Option output="bin/lin_deb_x64/libbz_bli_d" prefix_auto="1" extension_auto="1" />
				<Option working_dir="" />
				<Option object_output="obj/lin_deb_x64/" />
				<Option type="2" />
				<Option compiler="gcc" />
				<Compiler>
					<Add option="-g" />
				</Compiler>
			</Target>
			<Target title="lin_rel_x64">
				<Option platforms="Unix;" />
				<Option output="bin/lin_rel_x64/libbz_bli" prefix_auto="1" extension_auto="1" />
				<Option working_dir="" />
				<Option object_output="obj/lin_rel_x64/" />
				<Option type="2" />
				<Option compiler="gcc" />
				<Compiler>
					<Add option="-O2" />
				</Compiler>
				<Linker>
					<Add option="-s" />
				</Linker>
			</Target>
		</Build>
		<Compiler>
			<Add option="-Wall" />
			<Add option="-D__BIG_ENDIAN__" />
			<Add directory="./src/windowmanager" />
			<Add directory="./src/blenfont" />
			<Add directory="./src/blenkernel" />
			<Add directory="./src/blenlib" />
			<Add directory="./src/blenloader" />
			<Add directory="./src/editors/include" />
			<Add directory="./src/gpu" />
			<Add directory="./src/imbuf" />
			<Add directory="./src/makesdna" />
			<Add directory="./src/makesrna" />
			<Add directory="./src/render/extern/include" />
			<Add directory="./intern/ghost" />
			<Add directory="./intern/guardedalloc" />
			<Add directory="./intern/memutil" />
		</Compiler>
		<Extensions>
			<code_completion />
			<debugger />
		</Extensions>
	</Project>
</CodeBlocks_project_file>
