<?xml version="1.0" encoding="UTF-8" standalone="yes" ?>
<CodeBlocks_project_file>
	<FileVersion major="1" minor="6" />
	<Project>
		<Option title="bli" />
		<Option platforms="Unix;" />
		<Option pch_mode="2" />
		<Option compiler="gcc" />
		<Build>
			<Target title="lin_deb_x64">
				<Option platforms="Unix;" />
				<Option output="bin/lin_deb_x64/libbz_bli_d" prefix_auto="1" extension_auto="1" />
				<Option working_dir="" />
				<Option object_output="obj/lin_deb_x64/" />
				<Option type="2" />
				<Option compiler="gcc" />
				<Compiler>
					<Add option="-g" />
				</Compiler>
			</Target>
			<Target title="lin_rel_x64">
				<Option platforms="Unix;" />
				<Option output="bin/lin_rel_x64/libbz_bli" prefix_auto="1" extension_auto="1" />
				<Option working_dir="" />
				<Option object_output="obj/lin_rel_x64/" />
				<Option type="2" />
				<Option compiler="gcc" />
				<Compiler>
					<Add option="-O2" />
				</Compiler>
				<Linker>
					<Add option="-s" />
				</Linker>
			</Target>
		</Build>
		<Compiler>
			<Add option="-Wall" />
			<Add option="-D__BIG_ENDIAN__" />
			<Add directory="./src/blenlib" />
			<Add directory="./src/blenkernel" />
			<Add directory="./src/blenloader" />
			<Add directory="./src/gpu" />
			<Add directory="./src/makesdna" />
			<Add directory="./intern/ghost" />
			<Add directory="./intern/guardedalloc" />
			<Add directory="/usr/include/freetype2" />
		</Compiler>
		<Unit filename="intern/guardedalloc/MEM_guardedalloc.h" />
		<Unit filename="src/blenkernel/BKE_global.h" />
		<Unit filename="src/blenkernel/BKE_image.h" />
		<Unit filename="src/blenkernel/BKE_main.h" />
		<Unit filename="src/blenkernel/BKE_report.h" />
		<Unit filename="src/blenkernel/BKE_sequencer.h" />
		<Unit filename="src/blenkernel/BKE_utildefines.h" />
		<Unit filename="src/blenlib/BLI_args.h" />
		<Unit filename="src/blenlib/BLI_blenlib.h" />
		<Unit filename="src/blenlib/BLI_boxpack2d.h" />
		<Unit filename="src/blenlib/BLI_bpath.h" />
		<Unit filename="src/blenlib/BLI_callbacks.h" />
		<Unit filename="src/blenlib/BLI_cpu.h" />
		<Unit filename="src/blenlib/BLI_dlrbTree.h" />
		<Unit filename="src/blenlib/BLI_dynlib.h" />
		<Unit filename="src/blenlib/BLI_dynstr.h" />
		<Unit filename="src/blenlib/BLI_edgehash.h" />
		<Unit filename="src/blenlib/BLI_editVert.h" />
		<Unit filename="src/blenlib/BLI_fileops.h" />
		<Unit filename="src/blenlib/BLI_fnmatch.h" />
		<Unit filename="src/blenlib/BLI_ghash.h" />
		<Unit filename="src/blenlib/BLI_graph.h" />
		<Unit filename="src/blenlib/BLI_gsqueue.h" />
		<Unit filename="src/blenlib/BLI_heap.h" />
		<Unit filename="src/blenlib/BLI_jitter.h" />
		<Unit filename="src/blenlib/BLI_kdopbvh.h" />
		<Unit filename="src/blenlib/BLI_kdtree.h" />
		<Unit filename="src/blenlib/BLI_linklist.h" />
		<Unit filename="src/blenlib/BLI_listbase.h" />
		<Unit filename="src/blenlib/BLI_math.h" />
		<Unit filename="src/blenlib/BLI_math_base.h" />
		<Unit filename="src/blenlib/BLI_math_color.h" />
		<Unit filename="src/blenlib/BLI_math_geom.h" />
		<Unit filename="src/blenlib/BLI_math_inline.h" />
		<Unit filename="src/blenlib/BLI_math_matrix.h" />
		<Unit filename="src/blenlib/BLI_math_rotation.h" />
		<Unit filename="src/blenlib/BLI_math_vector.h" />
		<Unit filename="src/blenlib/BLI_memarena.h" />
		<Unit filename="src/blenlib/BLI_mempool.h" />
		<Unit filename="src/blenlib/BLI_noise.h" />
		<Unit filename="src/blenlib/BLI_path_util.h" />
		<Unit filename="src/blenlib/BLI_pbvh.h" />
		<Unit filename="src/blenlib/BLI_rand.h" />
		<Unit filename="src/blenlib/BLI_rect.h" />
		<Unit filename="src/blenlib/BLI_scanfill.h" />
		<Unit filename="src/blenlib/BLI_storage.h" />
		<Unit filename="src/blenlib/BLI_storage_types.h" />
		<Unit filename="src/blenlib/BLI_string.h" />
		<Unit filename="src/blenlib/BLI_threads.h" />
		<Unit filename="src/blenlib/BLI_utildefines.h" />
		<Unit filename="src/blenlib/BLI_uvproject.h" />
		<Unit filename="src/blenlib/BLI_vfontdata.h" />
		<Unit filename="src/blenlib/BLI_voxel.h" />
		<Unit filename="src/blenlib/BLI_winstuff.h" />
		<Unit filename="src/blenlib/PIL_time.h" />
		<Unit filename="src/blenlib/intern/BLI_args.c">
			<Option compilerVar="CC" />
		</Unit>
		<Unit filename="src/blenlib/intern/BLI_dynstr.c">
			<Option compilerVar="CC" />
		</Unit>
		<Unit filename="src/blenlib/intern/BLI_ghash.c">
			<Option compilerVar="CC" />
		</Unit>
		<Unit filename="src/blenlib/intern/BLI_heap.c">
			<Option compilerVar="CC" />
		</Unit>
		<Unit filename="src/blenlib/intern/BLI_kdopbvh.c">
			<Option compilerVar="CC" />
		</Unit>
		<Unit filename="src/blenlib/intern/BLI_kdtree.c">
			<Option compilerVar="CC" />
		</Unit>
		<Unit filename="src/blenlib/intern/BLI_linklist.c">
			<Option compilerVar="CC" />
		</Unit>
		<Unit filename="src/blenlib/intern/BLI_memarena.c">
			<Option compilerVar="CC" />
		</Unit>
		<Unit filename="src/blenlib/intern/BLI_mempool.c">
			<Option compilerVar="CC" />
		</Unit>
		<Unit filename="src/blenlib/intern/DLRB_tree.c">
			<Option compilerVar="CC" />
		</Unit>
		<Unit filename="src/blenlib/intern/boxpack2d.c">
			<Option compilerVar="CC" />
		</Unit>
		<Unit filename="src/blenlib/intern/bpath.c">
			<Option compilerVar="CC" />
		</Unit>
		<Unit filename="src/blenlib/intern/callbacks.c">
			<Option compilerVar="CC" />
		</Unit>
		<Unit filename="src/blenlib/intern/cpu.c">
			<Option compilerVar="CC" />
		</Unit>
		<Unit filename="src/blenlib/intern/dynlib.c">
			<Option compilerVar="CC" />
		</Unit>
		<Unit filename="src/blenlib/intern/edgehash.c">
			<Option compilerVar="CC" />
		</Unit>
		<Unit filename="src/blenlib/intern/fileops.c">
			<Option compilerVar="CC" />
		</Unit>
		<Unit filename="src/blenlib/intern/fnmatch.c">
			<Option compilerVar="CC" />
		</Unit>
		<Unit filename="src/blenlib/intern/freetypefont.c">
			<Option compilerVar="CC" />
		</Unit>
		<Unit filename="src/blenlib/intern/graph.c">
			<Option compilerVar="CC" />
		</Unit>
		<Unit filename="src/blenlib/intern/gsqueue.c">
			<Option compilerVar="CC" />
		</Unit>
		<Unit filename="src/blenlib/intern/jitter.c">
			<Option compilerVar="CC" />
		</Unit>
		<Unit filename="src/blenlib/intern/listbase.c">
			<Option compilerVar="CC" />
		</Unit>
		<Unit filename="src/blenlib/intern/math_base.c">
			<Option compilerVar="CC" />
		</Unit>
		<Unit filename="src/blenlib/intern/math_base_inline.c">
			<Option compilerVar="CC" />
		</Unit>
		<Unit filename="src/blenlib/intern/math_color.c">
			<Option compilerVar="CC" />
		</Unit>
		<Unit filename="src/blenlib/intern/math_geom.c">
			<Option compilerVar="CC" />
		</Unit>
		<Unit filename="src/blenlib/intern/math_geom_inline.c">
			<Option compilerVar="CC" />
		</Unit>
		<Unit filename="src/blenlib/intern/math_matrix.c">
			<Option compilerVar="CC" />
		</Unit>
		<Unit filename="src/blenlib/intern/math_rotation.c">
			<Option compilerVar="CC" />
		</Unit>
		<Unit filename="src/blenlib/intern/math_vector.c">
			<Option compilerVar="CC" />
		</Unit>
		<Unit filename="src/blenlib/intern/math_vector_inline.c">
			<Option compilerVar="CC" />
		</Unit>
		<Unit filename="src/blenlib/intern/noise.c">
			<Option compilerVar="CC" />
		</Unit>
		<Unit filename="src/blenlib/intern/path_util.c">
			<Option compilerVar="CC" />
		</Unit>
		<Unit filename="src/blenlib/intern/pbvh.c">
			<Option compilerVar="CC" />
		</Unit>
		<Unit filename="src/blenlib/intern/rand.c">
			<Option compilerVar="CC" />
		</Unit>
		<Unit filename="src/blenlib/intern/rct.c">
			<Option compilerVar="CC" />
		</Unit>
		<Unit filename="src/blenlib/intern/scanfill.c">
			<Option compilerVar="CC" />
		</Unit>
		<Unit filename="src/blenlib/intern/storage.c">
			<Option compilerVar="CC" />
		</Unit>
		<Unit filename="src/blenlib/intern/string.c">
			<Option compilerVar="CC" />
		</Unit>
		<Unit filename="src/blenlib/intern/string_utf8.c">
			<Option compilerVar="CC" />
		</Unit>
		<Unit filename="src/blenlib/intern/threads.c">
			<Option compilerVar="CC" />
		</Unit>
		<Unit filename="src/blenlib/intern/time.c">
			<Option compilerVar="CC" />
		</Unit>
		<Unit filename="src/blenlib/intern/uvproject.c">
			<Option compilerVar="CC" />
		</Unit>
		<Unit filename="src/blenlib/intern/voxel.c">
			<Option compilerVar="CC" />
		</Unit>
		<Unit filename="src/blenlib/intern/winstuff.c">
			<Option compilerVar="CC" />
		</Unit>
		<Unit filename="src/makesdna/DNA_curve_types.h" />
		<Unit filename="src/makesdna/DNA_image_types.h" />
		<Unit filename="src/makesdna/DNA_mesh_types.h" />
		<Unit filename="src/makesdna/DNA_packedFile_types.h" />
		<Unit filename="src/makesdna/DNA_scene_types.h" />
		<Unit filename="src/makesdna/DNA_sequence_types.h" />
		<Unit filename="src/makesdna/DNA_sound_types.h" />
		<Unit filename="src/makesdna/DNA_text_types.h" />
		<Unit filename="src/makesdna/DNA_texture_types.h" />
		<Unit filename="src/makesdna/DNA_vfont_types.h" />
		<Unit filename="src/makesdna/DNA_windowmanager_types.h" />
		<Extensions>
			<code_completion />
			<debugger />
		</Extensions>
	</Project>
</CodeBlocks_project_file>
